
Microsoft Visual Studio Solution File, Format Version 12.00
# Visual Studio Version 17
VisualStudioVersion = 17.10.35004.147
MinimumVisualStudioVersion = 10.0.40219.1
Project("{9A19103F-16F7-4668-BE54-9A1E7A4F7556}") = "Ksnm.Numerics", "Ksnm.Numerics\Ksnm.Numerics.csproj", "{00226AD4-7037-4C36-B0DC-B1C535FA6407}"
EndProject
Project("{9A19103F-16F7-4668-BE54-9A1E7A4F7556}") = "DemoApp", "DemoApp\DemoApp.csproj", "{8175048A-DF47-4B08-8AA9-30FF0F025F58}"
EndProject
Project("{FAE04EC0-301F-11D3-BF4B-00C04F79EFBC}") = "TestProject", "TestProject\TestProject.csproj", "{D230C0ED-F377-47BD-A687-9DD4FBE3C5BD}"
EndProject
Global
	GlobalSection(SolutionConfigurationPlatforms) = preSolution
		Debug|Any CPU = Debug|Any CPU
		Release|Any CPU = Release|Any CPU
	EndGlobalSection
	GlobalSection(ProjectConfigurationPlatforms) = postSolution
		{00226AD4-7037-4C36-B0DC-B1C535FA6407}.Debug|Any CPU.ActiveCfg = Debug|Any CPU
		{00226AD4-7037-4C36-B0DC-B1C535FA6407}.Debug|Any CPU.Build.0 = Debug|Any CPU
		{00226AD4-7037-4C36-B0DC-B1C535FA6407}.Release|Any CPU.ActiveCfg = Release|Any CPU
		{00226AD4-7037-4C36-B0DC-B1C535FA6407}.Release|Any CPU.Build.0 = Release|Any CPU
		{8175048A-DF47-4B08-8AA9-30FF0F025F58}.Debug|Any CPU.ActiveCfg = Debug|Any CPU
		{8175048A-DF47-4B08-8AA9-30FF0F025F58}.Debug|Any CPU.Build.0 = Debug|Any CPU
		{8175048A-DF47-4B08-8AA9-30FF0F025F58}.Release|Any CPU.ActiveCfg = Release|Any CPU
		{8175048A-DF47-4B08-8AA9-30FF0F025F58}.Release|Any CPU.Build.0 = Release|Any CPU
		{D230C0ED-F377-47BD-A687-9DD4FBE3C5BD}.Debug|Any CPU.ActiveCfg = Debug|Any CPU
		{D230C0ED-F377-47BD-A687-9DD4FBE3C5BD}.Debug|Any CPU.Build.0 = Debug|Any CPU
		{D230C0ED-F377-47BD-A687-9DD4FBE3C5BD}.Release|Any CPU.ActiveCfg = Release|Any CPU
		{D230C0ED-F377-47BD-A687-9DD4FBE3C5BD}.Release|Any CPU.Build.0 = Release|Any CPU
	EndGlobalSection
	GlobalSection(SolutionProperties) = preSolution
		HideSolutionNode = FALSE
	EndGlobalSection
	GlobalSection(ExtensibilityGlobals) = postSolution
		SolutionGuid = {2D6ECDB9-39D4-4778-A8E9-547BCFE857DD}
	EndGlobalSection
EndGlobal
